
Microsoft Visual Studio Solution File, Format Version 12.00
# Visual Studio 15
VisualStudioVersion = 15.0.28010.2041
MinimumVisualStudioVersion = 10.0.40219.1
Project("{FAE04EC0-301F-11D3-BF4B-00C04F79EFBC}") = "OidcDemo", "OidcDemo\OidcDemo.csproj", "{8CDC6CCC-2839-4DC0-8337-4C9CF487C988}"
EndProject
Project("{FAE04EC0-301F-11D3-BF4B-00C04F79EFBC}") = "Client", "Client\Client.csproj", "{C21F04AB-6B5B-4BFE-93BE-582A286262FC}"
EndProject
Global
	GlobalSection(SolutionConfigurationPlatforms) = preSolution
		Debug|Any CPU = Debug|Any CPU
		Release|Any CPU = Release|Any CPU
	EndGlobalSection
	GlobalSection(ProjectConfigurationPlatforms) = postSolution
		{8CDC6CCC-2839-4DC0-8337-4C9CF487C988}.Debug|Any CPU.ActiveCfg = Debug|Any CPU
		{8CDC6CCC-2839-4DC0-8337-4C9CF487C988}.Debug|Any CPU.Build.0 = Debug|Any CPU
		{8CDC6CCC-2839-4DC0-8337-4C9CF487C988}.Release|Any CPU.ActiveCfg = Release|Any CPU
		{8CDC6CCC-2839-4DC0-8337-4C9CF487C988}.Release|Any CPU.Build.0 = Release|Any CPU
		{C21F04AB-6B5B-4BFE-93BE-582A286262FC}.Debug|Any CPU.ActiveCfg = Debug|Any CPU
		{C21F04AB-6B5B-4BFE-93BE-582A286262FC}.Debug|Any CPU.Build.0 = Debug|Any CPU
		{C21F04AB-6B5B-4BFE-93BE-582A286262FC}.Release|Any CPU.ActiveCfg = Release|Any CPU
		{C21F04AB-6B5B-4BFE-93BE-582A286262FC}.Release|Any CPU.Build.0 = Release|Any CPU
	EndGlobalSection
	GlobalSection(SolutionProperties) = preSolution
		HideSolutionNode = FALSE
	EndGlobalSection
	GlobalSection(ExtensibilityGlobals) = postSolution
		SolutionGuid = {917F4736-BC4B-4DF6-B18D-CA9A7FA2F085}
	EndGlobalSection
EndGlobal
